
Microsoft Visual Studio Solution File, Format Version 12.00
# Visual Studio Version 17
VisualStudioVersion = 17.4.33213.308
MinimumVisualStudioVersion = 10.0.40219.1
Project("{8BC9CEB8-8B4A-11D0-8D11-00A0C91BC942}") = "RPG-FULL", "RPG-FULL\RPG-FULL.vcxproj", "{0B3AC5A8-21B9-46E9-8AEB-A15253E64CEF}"
EndProject
Global
	GlobalSection(SolutionConfigurationPlatforms) = preSolution
		Debug|x64 = Debug|x64
		Release|x64 = Release|x64
	EndGlobalSection
	GlobalSection(ProjectConfigurationPlatforms) = postSolution
		{0B3AC5A8-21B9-46E9-8AEB-A15253E64CEF}.Debug|x64.ActiveCfg = Debug|x64
		{0B3AC5A8-21B9-46E9-8AEB-A15253E64CEF}.Debug|x64.Build.0 = Debug|x64
		{0B3AC5A8-21B9-46E9-8AEB-A15253E64CEF}.Release|x64.ActiveCfg = Release|x64
		{0B3AC5A8-21B9-46E9-8AEB-A15253E64CEF}.Release|x64.Build.0 = Release|x64
	EndGlobalSection
	GlobalSection(SolutionProperties) = preSolution
		HideSolutionNode = FALSE
	EndGlobalSection
	GlobalSection(ExtensibilityGlobals) = postSolution
		SolutionGuid = {539A6596-61DC-4A70-8C13-8EB6693F8E5D}
	EndGlobalSection
	GlobalSection(SolutionConfigurationPlatforms) = preSolution
		Debug|x64 = Debug|x64
		Debug|x86 = Debug|x86
		Release|x64 = Release|x64
		Release|x86 = Release|x86
	EndGlobalSection
EndGlobal
