
Microsoft Visual Studio Solution File, Format Version 12.00
# Visual Studio Version 17
VisualStudioVersion = 17.4.33213.308
MinimumVisualStudioVersion = 10.0.40219.1
Project("{8BC9CEB8-8B4A-11D0-8D11-00A0C91BC942}") = "RPG-FULL", "RPG-FULL\RPG-FULL.vcxproj", "{0B3AC5A8-21B9-46E9-8AEB-A15253E64CEF}"
EndProject
Project("{54435603-DBB4-11D2-8724-00A0C9A8B90C}") = "TextRPG_v0.1.6", "TextRPG_v0.1.6\TextRPG_v0.1.6.vdproj", "{670AB300-7C38-48CB-B03F-782B92F4F2EE}"
EndProject
Project("{54435603-DBB4-11D2-8724-00A0C9A8B90C}") = "TextRPG_v0.1.9", "TextRPG_v0.1.9\TextRPG_v0.1.9.vdproj", "{6EADFB97-069C-4F40-94F5-00D289BD9088}"
EndProject
Global
	GlobalSection(SolutionConfigurationPlatforms) = preSolution
		Debug|x64 = Debug|x64
		Debug|x86 = Debug|x86
		Release|x64 = Release|x64
		Release|x86 = Release|x86
	EndGlobalSection
	GlobalSection(ProjectConfigurationPlatforms) = postSolution
		{0B3AC5A8-21B9-46E9-8AEB-A15253E64CEF}.Debug|x64.ActiveCfg = Debug|x64
		{0B3AC5A8-21B9-46E9-8AEB-A15253E64CEF}.Debug|x64.Build.0 = Debug|x64
		{0B3AC5A8-21B9-46E9-8AEB-A15253E64CEF}.Debug|x86.ActiveCfg = Debug|Win32
		{0B3AC5A8-21B9-46E9-8AEB-A15253E64CEF}.Debug|x86.Build.0 = Debug|Win32
		{0B3AC5A8-21B9-46E9-8AEB-A15253E64CEF}.Release|x64.ActiveCfg = Release|x64
		{0B3AC5A8-21B9-46E9-8AEB-A15253E64CEF}.Release|x64.Build.0 = Release|x64
		{0B3AC5A8-21B9-46E9-8AEB-A15253E64CEF}.Release|x86.ActiveCfg = Release|Win32
		{0B3AC5A8-21B9-46E9-8AEB-A15253E64CEF}.Release|x86.Build.0 = Release|Win32
		{670AB300-7C38-48CB-B03F-782B92F4F2EE}.Debug|x64.ActiveCfg = Release
		{670AB300-7C38-48CB-B03F-782B92F4F2EE}.Debug|x86.ActiveCfg = Debug
		{670AB300-7C38-48CB-B03F-782B92F4F2EE}.Release|x64.ActiveCfg = Release
		{670AB300-7C38-48CB-B03F-782B92F4F2EE}.Release|x86.ActiveCfg = Release
		{6EADFB97-069C-4F40-94F5-00D289BD9088}.Debug|x64.ActiveCfg = Release
		{6EADFB97-069C-4F40-94F5-00D289BD9088}.Debug|x86.ActiveCfg = Debug
		{6EADFB97-069C-4F40-94F5-00D289BD9088}.Release|x64.ActiveCfg = Release
		{6EADFB97-069C-4F40-94F5-00D289BD9088}.Release|x86.ActiveCfg = Release
	EndGlobalSection
	GlobalSection(SolutionProperties) = preSolution
		HideSolutionNode = FALSE
	EndGlobalSection
	GlobalSection(ExtensibilityGlobals) = postSolution
		SolutionGuid = {539A6596-61DC-4A70-8C13-8EB6693F8E5D}
	EndGlobalSection
EndGlobal
